
Microsoft Visual Studio Solution File, Format Version 12.00
# Visual Studio 15
VisualStudioVersion = 15.0.27004.2005
MinimumVisualStudioVersion = 10.0.40219.1
Project("{FAE04EC0-301F-11D3-BF4B-00C04F79EFBC}") = "Servidor", "Servidor\Servidor.csproj", "{BA947A1A-E7EC-48B3-953A-4E18C4563CB4}"
EndProject
Project("{FAE04EC0-301F-11D3-BF4B-00C04F79EFBC}") = "Model.Retaguarda", "Model.Retaguarda\Model.Retaguarda.csproj", "{0272170E-5C0E-49A6-A4CF-76BB7E811120}"
EndProject
Global
	GlobalSection(SolutionConfigurationPlatforms) = preSolution
		Debug|Any CPU = Debug|Any CPU
		Release|Any CPU = Release|Any CPU
	EndGlobalSection
	GlobalSection(ProjectConfigurationPlatforms) = postSolution
		{BA947A1A-E7EC-48B3-953A-4E18C4563CB4}.Debug|Any CPU.ActiveCfg = Debug|Any CPU
		{BA947A1A-E7EC-48B3-953A-4E18C4563CB4}.Debug|Any CPU.Build.0 = Debug|Any CPU
		{BA947A1A-E7EC-48B3-953A-4E18C4563CB4}.Release|Any CPU.ActiveCfg = Release|Any CPU
		{BA947A1A-E7EC-48B3-953A-4E18C4563CB4}.Release|Any CPU.Build.0 = Release|Any CPU
		{0272170E-5C0E-49A6-A4CF-76BB7E811120}.Debug|Any CPU.ActiveCfg = Debug|Any CPU
		{0272170E-5C0E-49A6-A4CF-76BB7E811120}.Debug|Any CPU.Build.0 = Debug|Any CPU
		{0272170E-5C0E-49A6-A4CF-76BB7E811120}.Release|Any CPU.ActiveCfg = Release|Any CPU
		{0272170E-5C0E-49A6-A4CF-76BB7E811120}.Release|Any CPU.Build.0 = Release|Any CPU
	EndGlobalSection
	GlobalSection(SolutionProperties) = preSolution
		HideSolutionNode = FALSE
	EndGlobalSection
	GlobalSection(ExtensibilityGlobals) = postSolution
		SolutionGuid = {16EF47EB-3766-4B7B-9A1A-CEA29A7CCE5A}
	EndGlobalSection
EndGlobal
